
Microsoft Visual Studio Solution File, Format Version 12.00
# Visual Studio Version 17
VisualStudioVersion = 17.13.35828.75 d17.13
MinimumVisualStudioVersion = 10.0.40219.1
Project("{E24C65DC-7377-472B-9ABA-BC803B73C61A}") = "Post_register_hm", ".", "{85B0452A-BC83-177A-F240-36782EBF2F15}"
	ProjectSection(WebsiteProperties) = preProject
		TargetFrameworkMoniker = ".NETFramework,Version%3Dv4.8"
		Debug.AspNetCompiler.VirtualPath = "/localhost_62854"
		Debug.AspNetCompiler.PhysicalPath = "D:\VisualStudioProjects\JavaScript\Post_register_hm\"
		Debug.AspNetCompiler.TargetPath = "PrecompiledWeb\localhost_62854\"
		Debug.AspNetCompiler.Updateable = "true"
		Debug.AspNetCompiler.ForceOverwrite = "true"
		Debug.AspNetCompiler.FixedNames = "false"
		Debug.AspNetCompiler.Debug = "True"
		Release.AspNetCompiler.VirtualPath = "/localhost_62854"
		Release.AspNetCompiler.PhysicalPath = "D:\VisualStudioProjects\JavaScript\Post_register_hm\"
		Release.AspNetCompiler.TargetPath = "PrecompiledWeb\localhost_62854\"
		Release.AspNetCompiler.Updateable = "true"
		Release.AspNetCompiler.ForceOverwrite = "true"
		Release.AspNetCompiler.FixedNames = "false"
		Release.AspNetCompiler.Debug = "False"
		VWDPort = "62854"
	EndProjectSection
EndProject
Global
	GlobalSection(SolutionConfigurationPlatforms) = preSolution
		Debug|Any CPU = Debug|Any CPU
	EndGlobalSection
	GlobalSection(ProjectConfigurationPlatforms) = postSolution
		{85B0452A-BC83-177A-F240-36782EBF2F15}.Debug|Any CPU.ActiveCfg = Debug|Any CPU
		{85B0452A-BC83-177A-F240-36782EBF2F15}.Debug|Any CPU.Build.0 = Debug|Any CPU
	EndGlobalSection
	GlobalSection(SolutionProperties) = preSolution
		HideSolutionNode = FALSE
	EndGlobalSection
	GlobalSection(ExtensibilityGlobals) = postSolution
		SolutionGuid = {A9C5BA8F-A6FE-45B6-8B74-58B55B15F357}
	EndGlobalSection
EndGlobal
